// !$*UTF8*$!
{
	archiveVersion = 1;
	classes = {
	};
	objectVersion = 46;
	objects = {

/* Begin PBXBuildFile section */
		C8C19E7A1ED3243A00E8ED12 /* main.m in Sources */ = {isa = PBXBuildFile; fileRef = C8C19E791ED3243A00E8ED12 /* main.m */; };
		C8C19E7D1ED3243A00E8ED12 /* AppDelegate.m in Sources */ = {isa = PBXBuildFile; fileRef = C8C19E7C1ED3243A00E8ED12 /* AppDelegate.m */; };
		C8C19E801ED3243A00E8ED12 /* ViewController.m in Sources */ = {isa = PBXBuildFile; fileRef = C8C19E7F1ED3243A00E8ED12 /* ViewController.m */; };
		C8C19E831ED3243A00E8ED12 /* Main.storyboard in Resources */ = {isa = PBXBuildFile; fileRef = C8C19E811ED3243A00E8ED12 /* Main.storyboard */; };
		C8C19E851ED3243A00E8ED12 /* Assets.xcassets in Resources */ = {isa = PBXBuildFile; fileRef = C8C19E841ED3243A00E8ED12 /* Assets.xcassets */; };
		C8C19E881ED3243A00E8ED12 /* LaunchScreen.storyboard in Resources */ = {isa = PBXBuildFile; fileRef = C8C19E861ED3243A00E8ED12 /* LaunchScreen.storyboard */; };
		C8C19E931ED3243B00E8ED12 /* TestTests.m in Sources */ = {isa = PBXBuildFile; fileRef = C8C19E921ED3243B00E8ED12 /* TestTests.m */; };
/* End PBXBuildFile section */

/* Begin PBXContainerItemProxy section */
		C8C19E8F1ED3243B00E8ED12 /* PBXContainerItemProxy */ = {
			isa = PBXContainerItemProxy;
			containerPortal = C8C19E6D1ED3243A00E8ED12 /* Project object */;
			proxyType = 1;
			remoteGlobalIDString = C8C19E741ED3243A00E8ED12;
			remoteInfo = Test;
		};
/* End PBXContainerItemProxy section */

/* Begin PBXFileReference section */
		C8C19E751ED3243A00E8ED12 /* Test.app */ = {isa = PBXFileReference; explicitFileType = wrapper.application; includeInIndex = 0; path = Test.app; sourceTree = BUILT_PRODUCTS_DIR; };
		C8C19E791ED3243A00E8ED12 /* main.m */ = {isa = PBXFileReference; lastKnownFileType = sourcecode.c.objc; path = main.m; sourceTree = "<group>"; };
		C8C19E7B1ED3243A00E8ED12 /* AppDelegate.h */ = {isa = PBXFileReference; lastKnownFileType = sourcecode.c.h; path = AppDelegate.h; sourceTree = "<group>"; };
		C8C19E7C1ED3243A00E8ED12 /* AppDelegate.m */ = {isa = PBXFileReference; lastKnownFileType = sourcecode.c.objc; path = AppDelegate.m; sourceTree = "<group>"; };
		C8C19E7E1ED3243A00E8ED12 /* ViewController.h */ = {isa = PBXFileReference; lastKnownFileType = sourcecode.c.h; path = ViewController.h; sourceTree = "<group>"; };
		C8C19E7F1ED3243A00E8ED12 /* ViewController.m */ = {isa = PBXFileReference; lastKnownFileType = sourcecode.c.objc; path = ViewController.m; sourceTree = "<group>"; };
		C8C19E821ED3243A00E8ED12 /* Base */ = {isa = PBXFileReference; lastKnownFileType = file.storyboard; name = Base; path = Base.lproj/Main.storyboard; sourceTree = "<group>"; };
		C8C19E841ED3243A00E8ED12 /* Assets.xcassets */ = {isa = PBXFileReference; lastKnownFileType = folder.assetcatalog; path = Assets.xcassets; sourceTree = "<group>"; };
		C8C19E871ED3243A00E8ED12 /* Base */ = {isa = PBXFileReference; lastKnownFileType = file.storyboard; name = Base; path = Base.lproj/LaunchScreen.storyboard; sourceTree = "<group>"; };
		C8C19E891ED3243A00E8ED12 /* Info.plist */ = {isa = PBXFileReference; lastKnownFileType = text.plist.xml; path = Info.plist; sourceTree = "<group>"; };
		C8C19E8E1ED3243B00E8ED12 /* TestTests.xctest */ = {isa = PBXFileReference; explicitFileType = wrapper.cfbundle; includeInIndex = 0; path = TestTests.xctest; sourceTree = BUILT_PRODUCTS_DIR; };
		C8C19E921ED3243B00E8ED12 /* TestTests.m */ = {isa = PBXFileReference; lastKnownFileType = sourcecode.c.objc; path = TestTests.m; sourceTree = "<group>"; };
		C8C19E941ED3243B00E8ED12 /* Info.plist */ = {isa = PBXFileReference; lastKnownFileType = text.plist.xml; path = Info.plist; sourceTree = "<group>"; };
/* End PBXFileReference section */

/* Begin PBXFrameworksBuildPhase section */
		C8C19E721ED3243A00E8ED12 /* Frameworks */ = {
			isa = PBXFrameworksBuildPhase;
			buildActionMask = 2147483647;
			files = (
			);
			runOnlyForDeploymentPostprocessing = 0;
		};
		C8C19E8B1ED3243B00E8ED12 /* Frameworks */ = {
			isa = PBXFrameworksBuildPhase;
			buildActionMask = 2147483647;
			files = (
			);
			runOnlyForDeploymentPostprocessing = 0;
		};
/* End PBXFrameworksBuildPhase section */

/* Begin PBXGroup section */
		C8C19E6C1ED3243A00E8ED12 = {
			isa = PBXGroup;
			children = (
				C8C19E771ED3243A00E8ED12 /* Test */,
				C8C19E911ED3243B00E8ED12 /* TestTests */,
				C8C19E761ED3243A00E8ED12 /* Products */,
			);
			sourceTree = "<group>";
		};
		C8C19E761ED3243A00E8ED12 /* Products */ = {
			isa = PBXGroup;
			children = (
				C8C19E751ED3243A00E8ED12 /* Test.app */,
				C8C19E8E1ED3243B00E8ED12 /* TestTests.xctest */,
			);
			name = Products;
			sourceTree = "<group>";
		};
		C8C19E771ED3243A00E8ED12 /* Test */ = {
			isa = PBXGroup;
			children = (
				C8C19E7B1ED3243A00E8ED12 /* AppDelegate.h */,
				C8C19E7C1ED3243A00E8ED12 /* AppDelegate.m */,
				C8C19E7E1ED3243A00E8ED12 /* ViewController.h */,
				C8C19E7F1ED3243A00E8ED12 /* ViewController.m */,
				C8C19E811ED3243A00E8ED12 /* Main.storyboard */,
				C8C19E841ED3243A00E8ED12 /* Assets.xcassets */,
				C8C19E861ED3243A00E8ED12 /* LaunchScreen.storyboard */,
				C8C19E891ED3243A00E8ED12 /* Info.plist */,
				C8C19E781ED3243A00E8ED12 /* Supporting Files */,
			);
			path = Test;
			sourceTree = "<group>";
		};
		C8C19E781ED3243A00E8ED12 /* Supporting Files */ = {
			isa = PBXGroup;
			children = (
				C8C19E791ED3243A00E8ED12 /* main.m */,
			);
			name = "Supporting Files";
			sourceTree = "<group>";
		};
		C8C19E911ED3243B00E8ED12 /* TestTests */ = {
			isa = PBXGroup;
			children = (
				C8C19E921ED3243B00E8ED12 /* TestTests.m */,
				C8C19E941ED3243B00E8ED12 /* Info.plist */,
			);
			path = TestTests;
			sourceTree = "<group>";
		};
/* End PBXGroup section */

/* Begin PBXNativeTarget section */
		C8C19E741ED3243A00E8ED12 /* Test */ = {
			isa = PBXNativeTarget;
			buildConfigurationList = C8C19E971ED3243B00E8ED12 /* Build configuration list for PBXNativeTarget "Test" */;
			buildPhases = (
				C8C19E711ED3243A00E8ED12 /* Sources */,
				C8C19E721ED3243A00E8ED12 /* Frameworks */,
				C8C19E731ED3243A00E8ED12 /* Resources */,
			);
			buildRules = (
			);
			dependencies = (
			);
			name = Test;
			productName = Test;
			productReference = C8C19E751ED3243A00E8ED12 /* Test.app */;
			productType = "com.apple.product-type.application";
		};
		C8C19E8D1ED3243B00E8ED12 /* TestTests */ = {
			isa = PBXNativeTarget;
			buildConfigurationList = C8C19E9A1ED3243B00E8ED12 /* Build configuration list for PBXNativeTarget "TestTests" */;
			buildPhases = (
				C8C19E8A1ED3243B00E8ED12 /* Sources */,
				C8C19E8B1ED3243B00E8ED12 /* Frameworks */,
				C8C19E8C1ED3243B00E8ED12 /* Resources */,
			);
			buildRules = (
			);
			dependencies = (
				C8C19E901ED3243B00E8ED12 /* PBXTargetDependency */,
			);
			name = TestTests;
			productName = TestTests;
			productReference = C8C19E8E1ED3243B00E8ED12 /* TestTests.xctest */;
			productType = "com.apple.product-type.bundle.unit-test";
		};
/* End PBXNativeTarget section */

/* Begin PBXProject section */
		C8C19E6D1ED3243A00E8ED12 /* Project object */ = {
			isa = PBXProject;
			attributes = {
				LastUpgradeCheck = 0830;
				ORGANIZATIONNAME = Archmage;
				TargetAttributes = {
					C8C19E741ED3243A00E8ED12 = {
						CreatedOnToolsVersion = 8.3.1;
						DevelopmentTeam = GRT532Z4Z7;
						ProvisioningStyle = Automatic;
					};
					C8C19E8D1ED3243B00E8ED12 = {
						CreatedOnToolsVersion = 8.3.1;
						DevelopmentTeam = GRT532Z4Z7;
						ProvisioningStyle = Automatic;
						TestTargetID = C8C19E741ED3243A00E8ED12;
					};
				};
			};
			buildConfigurationList = C8C19E701ED3243A00E8ED12 /* Build configuration list for PBXProject "Test" */;
			compatibilityVersion = "Xcode 3.2";
			developmentRegion = English;
			hasScannedForEncodings = 0;
			knownRegions = (
				en,
				Base,
			);
			mainGroup = C8C19E6C1ED3243A00E8ED12;
			productRefGroup = C8C19E761ED3243A00E8ED12 /* Products */;
			projectDirPath = "";
			projectRoot = "";
			targets = (
				C8C19E741ED3243A00E8ED12 /* Test */,
				C8C19E8D1ED3243B00E8ED12 /* TestTests */,
			);
		};
/* End PBXProject section */

/* Begin PBXResourcesBuildPhase section */
		C8C19E731ED3243A00E8ED12 /* Resources */ = {
			isa = PBXResourcesBuildPhase;
			buildActionMask = 2147483647;
			files = (
				C8C19E881ED3243A00E8ED12 /* LaunchScreen.storyboard in Resources */,
				C8C19E851ED3243A00E8ED12 /* Assets.xcassets in Resources */,
				C8C19E831ED3243A00E8ED12 /* Main.storyboard in Resources */,
			);
			runOnlyForDeploymentPostprocessing = 0;
		};
		C8C19E8C1ED3243B00E8ED12 /* Resources */ = {
			isa = PBXResourcesBuildPhase;
			buildActionMask = 2147483647;
			files = (
			);
			runOnlyForDeploymentPostprocessing = 0;
		};
/* End PBXResourcesBuildPhase section */

/* Begin PBXSourcesBuildPhase section */
		C8C19E711ED3243A00E8ED12 /* Sources */ = {
			isa = PBXSourcesBuildPhase;
			buildActionMask = 2147483647;
			files = (
				C8C19E801ED3243A00E8ED12 /* ViewController.m in Sources */,
				C8C19E7D1ED3243A00E8ED12 /* AppDelegate.m in Sources */,
				C8C19E7A1ED3243A00E8ED12 /* main.m in Sources */,
			);
			runOnlyForDeploymentPostprocessing = 0;
		};
		C8C19E8A1ED3243B00E8ED12 /* Sources */ = {
			isa = PBXSourcesBuildPhase;
			buildActionMask = 2147483647;
			files = (
				C8C19E931ED3243B00E8ED12 /* TestTests.m in Sources */,
			);
			runOnlyForDeploymentPostprocessing = 0;
		};
/* End PBXSourcesBuildPhase section */

/* Begin PBXTargetDependency section */
		C8C19E901ED3243B00E8ED12 /* PBXTargetDependency */ = {
			isa = PBXTargetDependency;
			target = C8C19E741ED3243A00E8ED12 /* Test */;
			targetProxy = C8C19E8F1ED3243B00E8ED12 /* PBXContainerItemProxy */;
		};
/* End PBXTargetDependency section */

/* Begin PBXVariantGroup section */
		C8C19E811ED3243A00E8ED12 /* Main.storyboard */ = {
			isa = PBXVariantGroup;
			children = (
				C8C19E821ED3243A00E8ED12 /* Base */,
			);
			name = Main.storyboard;
			sourceTree = "<group>";
		};
		C8C19E861ED3243A00E8ED12 /* LaunchScreen.storyboard */ = {
			isa = PBXVariantGroup;
			children = (
				C8C19E871ED3243A00E8ED12 /* Base */,
			);
			name = LaunchScreen.storyboard;
			sourceTree = "<group>";
		};
/* End PBXVariantGroup section */

/* Begin XCBuildConfiguration section */
		C8C19E951ED3243B00E8ED12 /* Debug */ = {
			isa = XCBuildConfiguration;
			buildSettings = {
				ALWAYS_SEARCH_USER_PATHS = NO;
				CLANG_ANALYZER_NONNULL = YES;
				CLANG_ANALYZER_NUMBER_OBJECT_CONVERSION = YES_AGGRESSIVE;
				CLANG_CXX_LANGUAGE_STANDARD = "gnu++0x";
				CLANG_CXX_LIBRARY = "libc++";
				CLANG_ENABLE_MODULES = YES;
				CLANG_ENABLE_OBJC_ARC = YES;
				CLANG_WARN_BOOL_CONVERSION = YES;
				CLANG_WARN_CONSTANT_CONVERSION = YES;
				CLANG_WARN_DIRECT_OBJC_ISA_USAGE = YES_ERROR;
				CLANG_WARN_DOCUMENTATION_COMMENTS = YES;
				CLANG_WARN_EMPTY_BODY = YES;
				CLANG_WARN_ENUM_CONVERSION = YES;
				CLANG_WARN_INFINITE_RECURSION = YES;
				CLANG_WARN_INT_CONVERSION = YES;
				CLANG_WARN_OBJC_ROOT_CLASS = YES_ERROR;
				CLANG_WARN_SUSPICIOUS_MOVE = YES;
				CLANG_WARN_UNREACHABLE_CODE = YES;
				CLANG_WARN__DUPLICATE_METHOD_MATCH = YES;
				"CODE_SIGN_IDENTITY[sdk=iphoneos*]" = "iPhone Developer";
				COPY_PHASE_STRIP = NO;
				DEBUG_INFORMATION_FORMAT = dwarf;
				ENABLE_STRICT_OBJC_MSGSEND = YES;
				ENABLE_TESTABILITY = YES;
				GCC_C_LANGUAGE_STANDARD = gnu99;
				GCC_DYNAMIC_NO_PIC = NO;
				GCC_NO_COMMON_BLOCKS = YES;
				GCC_OPTIMIZATION_LEVEL = 0;
				GCC_PREPROCESSOR_DEFINITIONS = (
					"DEBUG=1",
					"$(inherited)",
				);
				GCC_WARN_64_TO_32_BIT_CONVERSION = YES;
				GCC_WARN_ABOUT_RETURN_TYPE = YES_ERROR;
				GCC_WARN_UNDECLARED_SELECTOR = YES;
				GCC_WARN_UNINITIALIZED_AUTOS = YES_AGGRESSIVE;
				GCC_WARN_UNUSED_FUNCTION = YES;
				GCC_WARN_UNUSED_VARIABLE = YES;
				IPHONEOS_DEPLOYMENT_TARGET = 10.3;
				MTL_ENABLE_DEBUG_INFO = YES;
				ONLY_ACTIVE_ARCH = YES;
				SDKROOT = iphoneos;
				TARGETED_DEVICE_FAMILY = "1,2";
			};
			name = Debug;
		};
		C8C19E961ED3243B00E8ED12 /* Release */ = {
			isa = XCBuildConfiguration;
			buildSettings = {
				ALWAYS_SEARCH_USER_PATHS = NO;
				CLANG_ANALYZER_NONNULL = YES;
				CLANG_ANALYZER_NUMBER_OBJECT_CONVERSION = YES_AGGRESSIVE;
				CLANG_CXX_LANGUAGE_STANDARD = "gnu++0x";
				CLANG_CXX_LIBRARY = "libc++";
				CLANG_ENABLE_MODULES = YES;
				CLANG_ENABLE_OBJC_ARC = YES;
				CLANG_WARN_BOOL_CONVERSION = YES;
				CLANG_WARN_CONSTANT_CONVERSION = YES;
				CLANG_WARN_DIRECT_OBJC_ISA_USAGE = YES_ERROR;
				CLANG_WARN_DOCUMENTATION_COMMENTS = YES;
				CLANG_WARN_EMPTY_BODY = YES;
				CLANG_WARN_ENUM_CONVERSION = YES;
				CLANG_WARN_INFINITE_RECURSION = YES;
				CLANG_WARN_INT_CONVERSION = YES;
				CLANG_WARN_OBJC_ROOT_CLASS = YES_ERROR;
				CLANG_WARN_SUSPICIOUS_MOVE = YES;
				CLANG_WARN_UNREACHABLE_CODE = YES;
				CLANG_WARN__DUPLICATE_METHOD_MATCH = YES;
				"CODE_SIGN_IDENTITY[sdk=iphoneos*]" = "iPhone Developer";
				COPY_PHASE_STRIP = NO;
				DEBUG_INFORMATION_FORMAT = "dwarf-with-dsym";
				ENABLE_NS_ASSERTIONS = NO;
				ENABLE_STRICT_OBJC_MSGSEND = YES;
				GCC_C_LANGUAGE_STANDARD = gnu99;
				GCC_NO_COMMON_BLOCKS = YES;
				GCC_WARN_64_TO_32_BIT_CONVERSION = YES;
				GCC_WARN_ABOUT_RETURN_TYPE = YES_ERROR;
				GCC_WARN_UNDECLARED_SELECTOR = YES;
				GCC_WARN_UNINITIALIZED_AUTOS = YES_AGGRESSIVE;
				GCC_WARN_UNUSED_FUNCTION = YES;
				GCC_WARN_UNUSED_VARIABLE = YES;
				IPHONEOS_DEPLOYMENT_TARGET = 10.3;
				MTL_ENABLE_DEBUG_INFO = NO;
				SDKROOT = iphoneos;
				TARGETED_DEVICE_FAMILY = "1,2";
				VALIDATE_PRODUCT = YES;
			};
			name = Release;
		};
		C8C19E981ED3243B00E8ED12 /* Debug */ = {
			isa = XCBuildConfiguration;
			buildSettings = {
				ASSETCATALOG_COMPILER_APPICON_NAME = AppIcon;
				DEVELOPMENT_TEAM = GRT532Z4Z7;
				INFOPLIST_FILE = Test/Info.plist;
				LD_RUNPATH_SEARCH_PATHS = "$(inherited) @executable_path/Frameworks";
				PRODUCT_BUNDLE_IDENTIFIER = qiushibaike.qiushibaike.Test;
				PRODUCT_NAME = "$(TARGET_NAME)";
			};
			name = Debug;
		};
		C8C19E991ED3243B00E8ED12 /* Release */ = {
			isa = XCBuildConfiguration;
			buildSettings = {
				ASSETCATALOG_COMPILER_APPICON_NAME = AppIcon;
				DEVELOPMENT_TEAM = GRT532Z4Z7;
				INFOPLIST_FILE = Test/Info.plist;
				LD_RUNPATH_SEARCH_PATHS = "$(inherited) @executable_path/Frameworks";
				PRODUCT_BUNDLE_IDENTIFIER = qiushibaike.qiushibaike.Test;
				PRODUCT_NAME = "$(TARGET_NAME)";
			};
			name = Release;
		};
		C8C19E9B1ED3243B00E8ED12 /* Debug */ = {
			isa = XCBuildConfiguration;
			buildSettings = {
				BUNDLE_LOADER = "$(TEST_HOST)";
				DEVELOPMENT_TEAM = GRT532Z4Z7;
				INFOPLIST_FILE = TestTests/Info.plist;
				LD_RUNPATH_SEARCH_PATHS = "$(inherited) @executable_path/Frameworks @loader_path/Frameworks";
				PRODUCT_BUNDLE_IDENTIFIER = qiushibaike.qiushibaike.TestTests;
				PRODUCT_NAME = "$(TARGET_NAME)";
				TEST_HOST = "$(BUILT_PRODUCTS_DIR)/Test.app/Test";
			};
			name = Debug;
		};
		C8C19E9C1ED3243B00E8ED12 /* Release */ = {
			isa = XCBuildConfiguration;
			buildSettings = {
				BUNDLE_LOADER = "$(TEST_HOST)";
				DEVELOPMENT_TEAM = GRT532Z4Z7;
				INFOPLIST_FILE = TestTests/Info.plist;
				LD_RUNPATH_SEARCH_PATHS = "$(inherited) @executable_path/Frameworks @loader_path/Frameworks";
				PRODUCT_BUNDLE_IDENTIFIER = qiushibaike.qiushibaike.TestTests;
				PRODUCT_NAME = "$(TARGET_NAME)";
				TEST_HOST = "$(BUILT_PRODUCTS_DIR)/Test.app/Test";
			};
			name = Release;
		};
/* End XCBuildConfiguration section */

/* Begin XCConfigurationList section */
		C8C19E701ED3243A00E8ED12 /* Build configuration list for PBXProject "Test" */ = {
			isa = XCConfigurationList;
			buildConfigurations = (
				C8C19E951ED3243B00E8ED12 /* Debug */,
				C8C19E961ED3243B00E8ED12 /* Release */,
			);
			defaultConfigurationIsVisible = 0;
			defaultConfigurationName = Release;
		};
		C8C19E971ED3243B00E8ED12 /* Build configuration list for PBXNativeTarget "Test" */ = {
			isa = XCConfigurationList;
			buildConfigurations = (
				C8C19E981ED3243B00E8ED12 /* Debug */,
				C8C19E991ED3243B00E8ED12 /* Release */,
			);
			defaultConfigurationIsVisible = 0;
		};
		C8C19E9A1ED3243B00E8ED12 /* Build configuration list for PBXNativeTarget "TestTests" */ = {
			isa = XCConfigurationList;
			buildConfigurations = (
				C8C19E9B1ED3243B00E8ED12 /* Debug */,
				C8C19E9C1ED3243B00E8ED12 /* Release */,
			);
			defaultConfigurationIsVisible = 0;
		};
/* End XCConfigurationList section */
	};
	rootObject = C8C19E6D1ED3243A00E8ED12 /* Project object */;
}
